
Microsoft Visual Studio Solution File, Format Version 12.00
# Visual Studio Version 17
VisualStudioVersion = 17.8.34322.80
MinimumVisualStudioVersion = 10.0.40219.1
Project("{2150E333-8FDC-42A3-9474-1A3956D46DE8}") = "by Milan Jovanovich", "by Milan Jovanovich", "{11693388-5924-4710-8FBE-A0410A69AFAF}"
EndProject
Project("{9A19103F-16F7-4668-BE54-9A1E7A4F7556}") = "MilanJovanovich.RabbitMq", "MilanJovanovich.RabbitMq\MilanJovanovich.RabbitMq.csproj", "{0FFAD510-7623-4C3D-B0F1-E89A6D4250BE}"
EndProject
Project("{2150E333-8FDC-42A3-9474-1A3956D46DE8}") = "Solution Items", "Solution Items", "{6F5E23DF-B07B-4AC1-82D3-FA692A73A4EF}"
	ProjectSection(SolutionItems) = preProject
		docker-compose.yml = docker-compose.yml
	EndProjectSection
EndProject
Project("{2150E333-8FDC-42A3-9474-1A3956D46DE8}") = "AsyncComms", "AsyncComms", "{D56A1C58-D7AA-4DA7-8C68-7699B813B23C}"
EndProject
Project("{2150E333-8FDC-42A3-9474-1A3956D46DE8}") = "RabbitMq", "RabbitMq", "{4FCF93E3-E387-4C07-9275-B15713EA8806}"
EndProject
Project("{2150E333-8FDC-42A3-9474-1A3956D46DE8}") = "CourseRabbitInNet", "CourseRabbitInNet", "{0D5B603D-4CAF-4BB4-953F-3F5DF9ADC526}"
EndProject
Project("{2150E333-8FDC-42A3-9474-1A3956D46DE8}") = "N1.Intro", "N1.Intro", "{5F380824-676D-476D-B1F6-BA14D1A659B0}"
EndProject
Project("{9A19103F-16F7-4668-BE54-9A1E7A4F7556}") = "AsyncComms.RabbitMq.CourseRabbitInNet.N1.Producer", "AsyncComms.RabbitMq.CourseRabbitInNet.N1.Producer\AsyncComms.RabbitMq.CourseRabbitInNet.N1.Producer.csproj", "{339B9E87-BBEA-4A9B-9F71-F2217FDB3FFA}"
EndProject
Project("{9A19103F-16F7-4668-BE54-9A1E7A4F7556}") = "AsyncComms.RabbitMq.CourseRabbitInNet.N1.Consumer", "AsyncComms.RabbitMq.CourseRabbitInNet.N1.Consumer\AsyncComms.RabbitMq.CourseRabbitInNet.N1.Consumer.csproj", "{9F3FD77B-7595-4E18-8E7F-45F1951B2C5C}"
EndProject
Project("{2150E333-8FDC-42A3-9474-1A3956D46DE8}") = "N2.Microservices", "N2.Microservices", "{E18A0B16-170F-43C9-971D-CB4091E6ADBF}"
EndProject
Project("{9A19103F-16F7-4668-BE54-9A1E7A4F7556}") = "N2.Microservices.Common.EventBus", "N2.Microservices.Common.EventBus\N2.Microservices.Common.EventBus.csproj", "{94C4EDF4-B166-496F-85E5-07A9F8F2010B}"
EndProject
Project("{2150E333-8FDC-42A3-9474-1A3956D46DE8}") = "Common", "Common", "{EDDD7120-6FB4-4B05-B8E5-3613AA134339}"
EndProject
Project("{2150E333-8FDC-42A3-9474-1A3956D46DE8}") = "Services", "Services", "{403C6D4C-2334-4F64-9573-A9889B70F68E}"
EndProject
Project("{9A19103F-16F7-4668-BE54-9A1E7A4F7556}") = "N2.Microservices.Services.BankingService.Domain", "N2.Microservices.Services.BankingService.Domain\N2.Microservices.Services.BankingService.Domain.csproj", "{6C889066-648B-4ABA-BBF9-FE2969CECB3B}"
EndProject
Project("{2150E333-8FDC-42A3-9474-1A3956D46DE8}") = "BankingService", "BankingService", "{162D99CA-6040-4978-84DF-E08DDC91979C}"
EndProject
Project("{9A19103F-16F7-4668-BE54-9A1E7A4F7556}") = "N2.Microservices.Services.BankingService.Persistence", "N2.Microservices.Services.BankingService.Persistence\N2.Microservices.Services.BankingService.Persistence.csproj", "{69C8C96D-0085-4D8F-89F4-2E9202747692}"
EndProject
Project("{9A19103F-16F7-4668-BE54-9A1E7A4F7556}") = "N2.Microservices.Services.BankingService.Infrastructure", "N2.Microservices.Services.BankingService.Infrastructure\N2.Microservices.Services.BankingService.Infrastructure.csproj", "{EDAB0771-B736-45A8-9E50-61EB4890B0A9}"
EndProject
Project("{9A19103F-16F7-4668-BE54-9A1E7A4F7556}") = "N2.Microservices.Services.BankingService.Application", "N2.Microservices.Services.BankingService.Application\N2.Microservices.Services.BankingService.Application.csproj", "{9FE393D7-D474-4454-8DE0-AC2CC4019D35}"
EndProject
Project("{9A19103F-16F7-4668-BE54-9A1E7A4F7556}") = "N2.Microservices.Services.BankingService.Api", "N2.Microservices.Services.BankingService.Api\N2.Microservices.Services.BankingService.Api.csproj", "{FB347644-1BDC-4820-A681-FEB3BDADBA2A}"
EndProject
Project("{9A19103F-16F7-4668-BE54-9A1E7A4F7556}") = "N2.Microservices.Common.Core", "N2.Microservices.Common.Core\N2.Microservices.Common.Core.csproj", "{1BCE28E1-8F82-490A-98A9-0CFB307EFAA0}"
EndProject
Project("{2150E333-8FDC-42A3-9474-1A3956D46DE8}") = "TransferService", "TransferService", "{A0F1C23E-17CE-4433-A4DC-0BE0DE05B31A}"
EndProject
Project("{9A19103F-16F7-4668-BE54-9A1E7A4F7556}") = "N2.Microservices.Services.TransferService.Domain", "N2.Microservices.Services.TransferService.Domain\N2.Microservices.Services.TransferService.Domain.csproj", "{B8A81C2A-0098-4484-A79F-6BC1DD3BE704}"
EndProject
Project("{9A19103F-16F7-4668-BE54-9A1E7A4F7556}") = "N2.Microservices.Services.TransferService.Persistence", "N2.Microservices.Services.TransferService.Persistence\N2.Microservices.Services.TransferService.Persistence.csproj", "{42812381-4371-4832-BE82-5D876227F79C}"
EndProject
Project("{9A19103F-16F7-4668-BE54-9A1E7A4F7556}") = "N2.Microservices.Services.TransferService.Infrastructure", "N2.Microservices.Services.TransferService.Infrastructure\N2.Microservices.Services.TransferService.Infrastructure.csproj", "{BC71354F-AE4A-44CE-80F9-98318F8A5D5C}"
EndProject
Project("{9A19103F-16F7-4668-BE54-9A1E7A4F7556}") = "N2.Microservices.Services.TransferService.Application", "N2.Microservices.Services.TransferService.Application\N2.Microservices.Services.TransferService.Application.csproj", "{92730396-56AC-4E86-B24D-34148C2DB066}"
EndProject
Project("{9A19103F-16F7-4668-BE54-9A1E7A4F7556}") = "N2.Microservices.Services.TransferService.Api", "N2.Microservices.Services.TransferService.Api\N2.Microservices.Services.TransferService.Api.csproj", "{C6D5698B-A2AE-46BC-9C55-8FFCA02CEADD}"
EndProject
Project("{2150E333-8FDC-42A3-9474-1A3956D46DE8}") = "byJumpStartCs", "byJumpStartCs", "{7B783BAD-4AEA-4AA4-B028-97E711667DBD}"
EndProject
Project("{2150E333-8FDC-42A3-9474-1A3956D46DE8}") = "Starter", "Starter", "{21B737D6-41AE-4704-9D0F-1C9CFD5C3D19}"
EndProject
Project("{9A19103F-16F7-4668-BE54-9A1E7A4F7556}") = "JumpStartCs.Starter.Producer", "JumpStartCs.Starter.Producer\JumpStartCs.Starter.Producer.csproj", "{786AB46E-FCA6-4FD2-9959-61B0CDC04244}"
EndProject
Project("{9A19103F-16F7-4668-BE54-9A1E7A4F7556}") = "JumpStartCs.Starter.Consumer", "JumpStartCs.Starter.Consumer\JumpStartCs.Starter.Consumer.csproj", "{24CB597F-2983-409F-B267-3A19D7ED5022}"
EndProject
Project("{2150E333-8FDC-42A3-9474-1A3956D46DE8}") = "RabbitMqDocs", "RabbitMqDocs", "{7F8307E4-82F8-45A6-8271-6BA82E935372}"
EndProject
Project("{9A19103F-16F7-4668-BE54-9A1E7A4F7556}") = "RabbitMqDocs.N1.Sender", "RabbitMqDocs.N1.Sender\RabbitMqDocs.N1.Sender.csproj", "{5AC6996A-F38F-4D37-A7CB-42D07B52DB98}"
EndProject
Project("{9A19103F-16F7-4668-BE54-9A1E7A4F7556}") = "RabbitMqDocs.N1.Consumer", "RabbitMqDocs.N1.Consumer\RabbitMqDocs.N1.Consumer.csproj", "{C676464C-8057-4F77-8F26-3E624FBAD9D7}"
EndProject
Project("{9A19103F-16F7-4668-BE54-9A1E7A4F7556}") = "RabbitMqDocs.N2.App", "RabbitMqDocs.N2.App\RabbitMqDocs.N2.App.csproj", "{02723963-061E-4176-9010-3092CE680E3A}"
EndProject
Project("{FAE04EC0-301F-11D3-BF4B-00C04F79EFBC}") = "RabbitMqDocs.N2.Worker", "RabbitMqDocs.N2.Worker\RabbitMqDocs.N2.Worker.csproj", "{53EE36E2-8B98-40AB-95F6-FF4BAD3C4E46}"
EndProject
Project("{FAE04EC0-301F-11D3-BF4B-00C04F79EFBC}") = "RabbitMqDocs.N3.Producer", "RabbitMqDocs.N3.Producer\RabbitMqDocs.N3.Producer.csproj", "{A09B778C-7079-4381-808E-189B60890033}"
EndProject
Project("{FAE04EC0-301F-11D3-BF4B-00C04F79EFBC}") = "RabbitMqDocs.N3.Consumer", "RabbitMqDocs.N3.Consumer\RabbitMqDocs.N3.Consumer.csproj", "{DE8FC1FC-980E-4DA6-B57A-93A6B548A695}"
EndProject
Project("{FAE04EC0-301F-11D3-BF4B-00C04F79EFBC}") = "RabbitMqDocs.N4.Publisher", "RabbitMqDocs.N4.Publisher\RabbitMqDocs.N4.Publisher.csproj", "{8AC94B1C-0D9B-4158-B06F-18C89CC508FA}"
EndProject
Project("{FAE04EC0-301F-11D3-BF4B-00C04F79EFBC}") = "RabbitMqDocs.N4.Subscriber", "RabbitMqDocs.N4.Subscriber\RabbitMqDocs.N4.Subscriber.csproj", "{E4B8B648-2AB0-4B45-B4FE-454D3BD0D3B7}"
EndProject
Global
	GlobalSection(SolutionConfigurationPlatforms) = preSolution
		Debug|Any CPU = Debug|Any CPU
		Release|Any CPU = Release|Any CPU
	EndGlobalSection
	GlobalSection(ProjectConfigurationPlatforms) = postSolution
		{0FFAD510-7623-4C3D-B0F1-E89A6D4250BE}.Debug|Any CPU.ActiveCfg = Debug|Any CPU
		{0FFAD510-7623-4C3D-B0F1-E89A6D4250BE}.Debug|Any CPU.Build.0 = Debug|Any CPU
		{0FFAD510-7623-4C3D-B0F1-E89A6D4250BE}.Release|Any CPU.ActiveCfg = Release|Any CPU
		{0FFAD510-7623-4C3D-B0F1-E89A6D4250BE}.Release|Any CPU.Build.0 = Release|Any CPU
		{339B9E87-BBEA-4A9B-9F71-F2217FDB3FFA}.Debug|Any CPU.ActiveCfg = Debug|Any CPU
		{339B9E87-BBEA-4A9B-9F71-F2217FDB3FFA}.Debug|Any CPU.Build.0 = Debug|Any CPU
		{339B9E87-BBEA-4A9B-9F71-F2217FDB3FFA}.Release|Any CPU.ActiveCfg = Release|Any CPU
		{339B9E87-BBEA-4A9B-9F71-F2217FDB3FFA}.Release|Any CPU.Build.0 = Release|Any CPU
		{9F3FD77B-7595-4E18-8E7F-45F1951B2C5C}.Debug|Any CPU.ActiveCfg = Debug|Any CPU
		{9F3FD77B-7595-4E18-8E7F-45F1951B2C5C}.Debug|Any CPU.Build.0 = Debug|Any CPU
		{9F3FD77B-7595-4E18-8E7F-45F1951B2C5C}.Release|Any CPU.ActiveCfg = Release|Any CPU
		{9F3FD77B-7595-4E18-8E7F-45F1951B2C5C}.Release|Any CPU.Build.0 = Release|Any CPU
		{94C4EDF4-B166-496F-85E5-07A9F8F2010B}.Debug|Any CPU.ActiveCfg = Debug|Any CPU
		{94C4EDF4-B166-496F-85E5-07A9F8F2010B}.Debug|Any CPU.Build.0 = Debug|Any CPU
		{94C4EDF4-B166-496F-85E5-07A9F8F2010B}.Release|Any CPU.ActiveCfg = Release|Any CPU
		{94C4EDF4-B166-496F-85E5-07A9F8F2010B}.Release|Any CPU.Build.0 = Release|Any CPU
		{6C889066-648B-4ABA-BBF9-FE2969CECB3B}.Debug|Any CPU.ActiveCfg = Debug|Any CPU
		{6C889066-648B-4ABA-BBF9-FE2969CECB3B}.Debug|Any CPU.Build.0 = Debug|Any CPU
		{6C889066-648B-4ABA-BBF9-FE2969CECB3B}.Release|Any CPU.ActiveCfg = Release|Any CPU
		{6C889066-648B-4ABA-BBF9-FE2969CECB3B}.Release|Any CPU.Build.0 = Release|Any CPU
		{69C8C96D-0085-4D8F-89F4-2E9202747692}.Debug|Any CPU.ActiveCfg = Debug|Any CPU
		{69C8C96D-0085-4D8F-89F4-2E9202747692}.Debug|Any CPU.Build.0 = Debug|Any CPU
		{69C8C96D-0085-4D8F-89F4-2E9202747692}.Release|Any CPU.ActiveCfg = Release|Any CPU
		{69C8C96D-0085-4D8F-89F4-2E9202747692}.Release|Any CPU.Build.0 = Release|Any CPU
		{EDAB0771-B736-45A8-9E50-61EB4890B0A9}.Debug|Any CPU.ActiveCfg = Debug|Any CPU
		{EDAB0771-B736-45A8-9E50-61EB4890B0A9}.Debug|Any CPU.Build.0 = Debug|Any CPU
		{EDAB0771-B736-45A8-9E50-61EB4890B0A9}.Release|Any CPU.ActiveCfg = Release|Any CPU
		{EDAB0771-B736-45A8-9E50-61EB4890B0A9}.Release|Any CPU.Build.0 = Release|Any CPU
		{9FE393D7-D474-4454-8DE0-AC2CC4019D35}.Debug|Any CPU.ActiveCfg = Debug|Any CPU
		{9FE393D7-D474-4454-8DE0-AC2CC4019D35}.Debug|Any CPU.Build.0 = Debug|Any CPU
		{9FE393D7-D474-4454-8DE0-AC2CC4019D35}.Release|Any CPU.ActiveCfg = Release|Any CPU
		{9FE393D7-D474-4454-8DE0-AC2CC4019D35}.Release|Any CPU.Build.0 = Release|Any CPU
		{FB347644-1BDC-4820-A681-FEB3BDADBA2A}.Debug|Any CPU.ActiveCfg = Debug|Any CPU
		{FB347644-1BDC-4820-A681-FEB3BDADBA2A}.Debug|Any CPU.Build.0 = Debug|Any CPU
		{FB347644-1BDC-4820-A681-FEB3BDADBA2A}.Release|Any CPU.ActiveCfg = Release|Any CPU
		{FB347644-1BDC-4820-A681-FEB3BDADBA2A}.Release|Any CPU.Build.0 = Release|Any CPU
		{1BCE28E1-8F82-490A-98A9-0CFB307EFAA0}.Debug|Any CPU.ActiveCfg = Debug|Any CPU
		{1BCE28E1-8F82-490A-98A9-0CFB307EFAA0}.Debug|Any CPU.Build.0 = Debug|Any CPU
		{1BCE28E1-8F82-490A-98A9-0CFB307EFAA0}.Release|Any CPU.ActiveCfg = Release|Any CPU
		{1BCE28E1-8F82-490A-98A9-0CFB307EFAA0}.Release|Any CPU.Build.0 = Release|Any CPU
		{B8A81C2A-0098-4484-A79F-6BC1DD3BE704}.Debug|Any CPU.ActiveCfg = Debug|Any CPU
		{B8A81C2A-0098-4484-A79F-6BC1DD3BE704}.Debug|Any CPU.Build.0 = Debug|Any CPU
		{B8A81C2A-0098-4484-A79F-6BC1DD3BE704}.Release|Any CPU.ActiveCfg = Release|Any CPU
		{B8A81C2A-0098-4484-A79F-6BC1DD3BE704}.Release|Any CPU.Build.0 = Release|Any CPU
		{42812381-4371-4832-BE82-5D876227F79C}.Debug|Any CPU.ActiveCfg = Debug|Any CPU
		{42812381-4371-4832-BE82-5D876227F79C}.Debug|Any CPU.Build.0 = Debug|Any CPU
		{42812381-4371-4832-BE82-5D876227F79C}.Release|Any CPU.ActiveCfg = Release|Any CPU
		{42812381-4371-4832-BE82-5D876227F79C}.Release|Any CPU.Build.0 = Release|Any CPU
		{BC71354F-AE4A-44CE-80F9-98318F8A5D5C}.Debug|Any CPU.ActiveCfg = Debug|Any CPU
		{BC71354F-AE4A-44CE-80F9-98318F8A5D5C}.Debug|Any CPU.Build.0 = Debug|Any CPU
		{BC71354F-AE4A-44CE-80F9-98318F8A5D5C}.Release|Any CPU.ActiveCfg = Release|Any CPU
		{BC71354F-AE4A-44CE-80F9-98318F8A5D5C}.Release|Any CPU.Build.0 = Release|Any CPU
		{92730396-56AC-4E86-B24D-34148C2DB066}.Debug|Any CPU.ActiveCfg = Debug|Any CPU
		{92730396-56AC-4E86-B24D-34148C2DB066}.Debug|Any CPU.Build.0 = Debug|Any CPU
		{92730396-56AC-4E86-B24D-34148C2DB066}.Release|Any CPU.ActiveCfg = Release|Any CPU
		{92730396-56AC-4E86-B24D-34148C2DB066}.Release|Any CPU.Build.0 = Release|Any CPU
		{C6D5698B-A2AE-46BC-9C55-8FFCA02CEADD}.Debug|Any CPU.ActiveCfg = Debug|Any CPU
		{C6D5698B-A2AE-46BC-9C55-8FFCA02CEADD}.Debug|Any CPU.Build.0 = Debug|Any CPU
		{C6D5698B-A2AE-46BC-9C55-8FFCA02CEADD}.Release|Any CPU.ActiveCfg = Release|Any CPU
		{C6D5698B-A2AE-46BC-9C55-8FFCA02CEADD}.Release|Any CPU.Build.0 = Release|Any CPU
		{786AB46E-FCA6-4FD2-9959-61B0CDC04244}.Debug|Any CPU.ActiveCfg = Debug|Any CPU
		{786AB46E-FCA6-4FD2-9959-61B0CDC04244}.Debug|Any CPU.Build.0 = Debug|Any CPU
		{786AB46E-FCA6-4FD2-9959-61B0CDC04244}.Release|Any CPU.ActiveCfg = Release|Any CPU
		{786AB46E-FCA6-4FD2-9959-61B0CDC04244}.Release|Any CPU.Build.0 = Release|Any CPU
		{24CB597F-2983-409F-B267-3A19D7ED5022}.Debug|Any CPU.ActiveCfg = Debug|Any CPU
		{24CB597F-2983-409F-B267-3A19D7ED5022}.Debug|Any CPU.Build.0 = Debug|Any CPU
		{24CB597F-2983-409F-B267-3A19D7ED5022}.Release|Any CPU.ActiveCfg = Release|Any CPU
		{24CB597F-2983-409F-B267-3A19D7ED5022}.Release|Any CPU.Build.0 = Release|Any CPU
		{5AC6996A-F38F-4D37-A7CB-42D07B52DB98}.Debug|Any CPU.ActiveCfg = Debug|Any CPU
		{5AC6996A-F38F-4D37-A7CB-42D07B52DB98}.Debug|Any CPU.Build.0 = Debug|Any CPU
		{5AC6996A-F38F-4D37-A7CB-42D07B52DB98}.Release|Any CPU.ActiveCfg = Release|Any CPU
		{5AC6996A-F38F-4D37-A7CB-42D07B52DB98}.Release|Any CPU.Build.0 = Release|Any CPU
		{C676464C-8057-4F77-8F26-3E624FBAD9D7}.Debug|Any CPU.ActiveCfg = Debug|Any CPU
		{C676464C-8057-4F77-8F26-3E624FBAD9D7}.Debug|Any CPU.Build.0 = Debug|Any CPU
		{C676464C-8057-4F77-8F26-3E624FBAD9D7}.Release|Any CPU.ActiveCfg = Release|Any CPU
		{C676464C-8057-4F77-8F26-3E624FBAD9D7}.Release|Any CPU.Build.0 = Release|Any CPU
		{02723963-061E-4176-9010-3092CE680E3A}.Debug|Any CPU.ActiveCfg = Debug|Any CPU
		{02723963-061E-4176-9010-3092CE680E3A}.Debug|Any CPU.Build.0 = Debug|Any CPU
		{02723963-061E-4176-9010-3092CE680E3A}.Release|Any CPU.ActiveCfg = Release|Any CPU
		{02723963-061E-4176-9010-3092CE680E3A}.Release|Any CPU.Build.0 = Release|Any CPU
		{53EE36E2-8B98-40AB-95F6-FF4BAD3C4E46}.Debug|Any CPU.ActiveCfg = Debug|Any CPU
		{53EE36E2-8B98-40AB-95F6-FF4BAD3C4E46}.Debug|Any CPU.Build.0 = Debug|Any CPU
		{53EE36E2-8B98-40AB-95F6-FF4BAD3C4E46}.Release|Any CPU.ActiveCfg = Release|Any CPU
		{53EE36E2-8B98-40AB-95F6-FF4BAD3C4E46}.Release|Any CPU.Build.0 = Release|Any CPU
		{A09B778C-7079-4381-808E-189B60890033}.Debug|Any CPU.ActiveCfg = Debug|Any CPU
		{A09B778C-7079-4381-808E-189B60890033}.Debug|Any CPU.Build.0 = Debug|Any CPU
		{A09B778C-7079-4381-808E-189B60890033}.Release|Any CPU.ActiveCfg = Release|Any CPU
		{A09B778C-7079-4381-808E-189B60890033}.Release|Any CPU.Build.0 = Release|Any CPU
		{DE8FC1FC-980E-4DA6-B57A-93A6B548A695}.Debug|Any CPU.ActiveCfg = Debug|Any CPU
		{DE8FC1FC-980E-4DA6-B57A-93A6B548A695}.Debug|Any CPU.Build.0 = Debug|Any CPU
		{DE8FC1FC-980E-4DA6-B57A-93A6B548A695}.Release|Any CPU.ActiveCfg = Release|Any CPU
		{DE8FC1FC-980E-4DA6-B57A-93A6B548A695}.Release|Any CPU.Build.0 = Release|Any CPU
		{8AC94B1C-0D9B-4158-B06F-18C89CC508FA}.Debug|Any CPU.ActiveCfg = Debug|Any CPU
		{8AC94B1C-0D9B-4158-B06F-18C89CC508FA}.Debug|Any CPU.Build.0 = Debug|Any CPU
		{8AC94B1C-0D9B-4158-B06F-18C89CC508FA}.Release|Any CPU.ActiveCfg = Release|Any CPU
		{8AC94B1C-0D9B-4158-B06F-18C89CC508FA}.Release|Any CPU.Build.0 = Release|Any CPU
		{E4B8B648-2AB0-4B45-B4FE-454D3BD0D3B7}.Debug|Any CPU.ActiveCfg = Debug|Any CPU
		{E4B8B648-2AB0-4B45-B4FE-454D3BD0D3B7}.Debug|Any CPU.Build.0 = Debug|Any CPU
		{E4B8B648-2AB0-4B45-B4FE-454D3BD0D3B7}.Release|Any CPU.ActiveCfg = Release|Any CPU
		{E4B8B648-2AB0-4B45-B4FE-454D3BD0D3B7}.Release|Any CPU.Build.0 = Release|Any CPU
	EndGlobalSection
	GlobalSection(SolutionProperties) = preSolution
		HideSolutionNode = FALSE
	EndGlobalSection
	GlobalSection(NestedProjects) = preSolution
		{0FFAD510-7623-4C3D-B0F1-E89A6D4250BE} = {11693388-5924-4710-8FBE-A0410A69AFAF}
		{4FCF93E3-E387-4C07-9275-B15713EA8806} = {D56A1C58-D7AA-4DA7-8C68-7699B813B23C}
		{0D5B603D-4CAF-4BB4-953F-3F5DF9ADC526} = {4FCF93E3-E387-4C07-9275-B15713EA8806}
		{5F380824-676D-476D-B1F6-BA14D1A659B0} = {0D5B603D-4CAF-4BB4-953F-3F5DF9ADC526}
		{339B9E87-BBEA-4A9B-9F71-F2217FDB3FFA} = {5F380824-676D-476D-B1F6-BA14D1A659B0}
		{9F3FD77B-7595-4E18-8E7F-45F1951B2C5C} = {5F380824-676D-476D-B1F6-BA14D1A659B0}
		{E18A0B16-170F-43C9-971D-CB4091E6ADBF} = {0D5B603D-4CAF-4BB4-953F-3F5DF9ADC526}
		{94C4EDF4-B166-496F-85E5-07A9F8F2010B} = {EDDD7120-6FB4-4B05-B8E5-3613AA134339}
		{EDDD7120-6FB4-4B05-B8E5-3613AA134339} = {E18A0B16-170F-43C9-971D-CB4091E6ADBF}
		{403C6D4C-2334-4F64-9573-A9889B70F68E} = {E18A0B16-170F-43C9-971D-CB4091E6ADBF}
		{6C889066-648B-4ABA-BBF9-FE2969CECB3B} = {162D99CA-6040-4978-84DF-E08DDC91979C}
		{162D99CA-6040-4978-84DF-E08DDC91979C} = {403C6D4C-2334-4F64-9573-A9889B70F68E}
		{69C8C96D-0085-4D8F-89F4-2E9202747692} = {162D99CA-6040-4978-84DF-E08DDC91979C}
		{EDAB0771-B736-45A8-9E50-61EB4890B0A9} = {162D99CA-6040-4978-84DF-E08DDC91979C}
		{9FE393D7-D474-4454-8DE0-AC2CC4019D35} = {162D99CA-6040-4978-84DF-E08DDC91979C}
		{FB347644-1BDC-4820-A681-FEB3BDADBA2A} = {162D99CA-6040-4978-84DF-E08DDC91979C}
		{1BCE28E1-8F82-490A-98A9-0CFB307EFAA0} = {EDDD7120-6FB4-4B05-B8E5-3613AA134339}
		{A0F1C23E-17CE-4433-A4DC-0BE0DE05B31A} = {403C6D4C-2334-4F64-9573-A9889B70F68E}
		{B8A81C2A-0098-4484-A79F-6BC1DD3BE704} = {A0F1C23E-17CE-4433-A4DC-0BE0DE05B31A}
		{42812381-4371-4832-BE82-5D876227F79C} = {A0F1C23E-17CE-4433-A4DC-0BE0DE05B31A}
		{BC71354F-AE4A-44CE-80F9-98318F8A5D5C} = {A0F1C23E-17CE-4433-A4DC-0BE0DE05B31A}
		{92730396-56AC-4E86-B24D-34148C2DB066} = {A0F1C23E-17CE-4433-A4DC-0BE0DE05B31A}
		{C6D5698B-A2AE-46BC-9C55-8FFCA02CEADD} = {A0F1C23E-17CE-4433-A4DC-0BE0DE05B31A}
		{21B737D6-41AE-4704-9D0F-1C9CFD5C3D19} = {7B783BAD-4AEA-4AA4-B028-97E711667DBD}
		{786AB46E-FCA6-4FD2-9959-61B0CDC04244} = {21B737D6-41AE-4704-9D0F-1C9CFD5C3D19}
		{24CB597F-2983-409F-B267-3A19D7ED5022} = {21B737D6-41AE-4704-9D0F-1C9CFD5C3D19}
		{7F8307E4-82F8-45A6-8271-6BA82E935372} = {4FCF93E3-E387-4C07-9275-B15713EA8806}
		{5AC6996A-F38F-4D37-A7CB-42D07B52DB98} = {7F8307E4-82F8-45A6-8271-6BA82E935372}
		{C676464C-8057-4F77-8F26-3E624FBAD9D7} = {7F8307E4-82F8-45A6-8271-6BA82E935372}
		{02723963-061E-4176-9010-3092CE680E3A} = {7F8307E4-82F8-45A6-8271-6BA82E935372}
		{53EE36E2-8B98-40AB-95F6-FF4BAD3C4E46} = {7F8307E4-82F8-45A6-8271-6BA82E935372}
		{A09B778C-7079-4381-808E-189B60890033} = {7F8307E4-82F8-45A6-8271-6BA82E935372}
		{DE8FC1FC-980E-4DA6-B57A-93A6B548A695} = {7F8307E4-82F8-45A6-8271-6BA82E935372}
		{8AC94B1C-0D9B-4158-B06F-18C89CC508FA} = {7F8307E4-82F8-45A6-8271-6BA82E935372}
		{E4B8B648-2AB0-4B45-B4FE-454D3BD0D3B7} = {7F8307E4-82F8-45A6-8271-6BA82E935372}
	EndGlobalSection
EndGlobal
